
Microsoft Visual Studio Solution File, Format Version 12.00
# Visual Studio 14
VisualStudioVersion = 14.0.25420.1
MinimumVisualStudioVersion = 10.0.40219.1
Project("{FAE04EC0-301F-11D3-BF4B-00C04F79EFBC}") = "testApp", "testApp\testApp.csproj", "{28300072-9150-4E20-857B-B8C457EA8508}"
EndProject
Project("{FAE04EC0-301F-11D3-BF4B-00C04F79EFBC}") = "testConsoleApp", "testConsoleApp\testConsoleApp.csproj", "{A65B19D8-D62A-42BD-8690-58EC208BEED3}"
EndProject
Global
	GlobalSection(SolutionConfigurationPlatforms) = preSolution
		Debug|Any CPU = Debug|Any CPU
		Release|Any CPU = Release|Any CPU
	EndGlobalSection
	GlobalSection(ProjectConfigurationPlatforms) = postSolution
		{28300072-9150-4E20-857B-B8C457EA8508}.Debug|Any CPU.ActiveCfg = Debug|Any CPU
		{28300072-9150-4E20-857B-B8C457EA8508}.Debug|Any CPU.Build.0 = Debug|Any CPU
		{28300072-9150-4E20-857B-B8C457EA8508}.Release|Any CPU.ActiveCfg = Release|Any CPU
		{28300072-9150-4E20-857B-B8C457EA8508}.Release|Any CPU.Build.0 = Release|Any CPU
		{A65B19D8-D62A-42BD-8690-58EC208BEED3}.Debug|Any CPU.ActiveCfg = Debug|Any CPU
		{A65B19D8-D62A-42BD-8690-58EC208BEED3}.Debug|Any CPU.Build.0 = Debug|Any CPU
		{A65B19D8-D62A-42BD-8690-58EC208BEED3}.Release|Any CPU.ActiveCfg = Release|Any CPU
		{A65B19D8-D62A-42BD-8690-58EC208BEED3}.Release|Any CPU.Build.0 = Release|Any CPU
	EndGlobalSection
	GlobalSection(SolutionProperties) = preSolution
		HideSolutionNode = FALSE
	EndGlobalSection
EndGlobal
